
Microsoft Visual Studio Solution File, Format Version 12.00
# Visual Studio Version 17
VisualStudioVersion = 17.7.34024.191
MinimumVisualStudioVersion = 10.0.40219.1
Project("{FAE04EC0-301F-11D3-BF4B-00C04F79EFBC}") = "Calculator", "Calculator\Calculator.csproj", "{181F8AFC-C518-4EFB-9FD1-3D4DA69B173A}"
EndProject
Global
	GlobalSection(SolutionConfigurationPlatforms) = preSolution
		Debug|Any CPU = Debug|Any CPU
		Release|Any CPU = Release|Any CPU
	EndGlobalSection
	GlobalSection(ProjectConfigurationPlatforms) = postSolution
		{181F8AFC-C518-4EFB-9FD1-3D4DA69B173A}.Debug|Any CPU.ActiveCfg = Debug|Any CPU
		{181F8AFC-C518-4EFB-9FD1-3D4DA69B173A}.Debug|Any CPU.Build.0 = Debug|Any CPU
		{181F8AFC-C518-4EFB-9FD1-3D4DA69B173A}.Release|Any CPU.ActiveCfg = Release|Any CPU
		{181F8AFC-C518-4EFB-9FD1-3D4DA69B173A}.Release|Any CPU.Build.0 = Release|Any CPU
	EndGlobalSection
	GlobalSection(SolutionProperties) = preSolution
		HideSolutionNode = FALSE
	EndGlobalSection
	GlobalSection(ExtensibilityGlobals) = postSolution
		SolutionGuid = {D493F452-DF68-4080-853C-E32F753F0072}
	EndGlobalSection
EndGlobal
